
Microsoft Visual Studio Solution File, Format Version 12.00
# Visual Studio Version 17
VisualStudioVersion = 17.7.34009.444
MinimumVisualStudioVersion = 10.0.40219.1
Project("{FAE04EC0-301F-11D3-BF4B-00C04F79EFBC}") = "BasikJS", "BasikJS\BasikJS.csproj", "{A5ADC7C7-CB76-4935-BA1C-71B5E277D2EB}"
EndProject
Global
	GlobalSection(SolutionConfigurationPlatforms) = preSolution
		Debug|Any CPU = Debug|Any CPU
		Release|Any CPU = Release|Any CPU
	EndGlobalSection
	GlobalSection(ProjectConfigurationPlatforms) = postSolution
		{A5ADC7C7-CB76-4935-BA1C-71B5E277D2EB}.Debug|Any CPU.ActiveCfg = Debug|Any CPU
		{A5ADC7C7-CB76-4935-BA1C-71B5E277D2EB}.Debug|Any CPU.Build.0 = Debug|Any CPU
		{A5ADC7C7-CB76-4935-BA1C-71B5E277D2EB}.Release|Any CPU.ActiveCfg = Release|Any CPU
		{A5ADC7C7-CB76-4935-BA1C-71B5E277D2EB}.Release|Any CPU.Build.0 = Release|Any CPU
	EndGlobalSection
	GlobalSection(SolutionProperties) = preSolution
		HideSolutionNode = FALSE
	EndGlobalSection
	GlobalSection(ExtensibilityGlobals) = postSolution
		SolutionGuid = {BA09C9E5-4DB8-4CBF-A1CF-58EB6085E537}
	EndGlobalSection
EndGlobal
